
Microsoft Visual Studio Solution File, Format Version 12.00
# Visual Studio Version 17
VisualStudioVersion = 17.4.33110.190
MinimumVisualStudioVersion = 10.0.40219.1
Project("{FAE04EC0-301F-11D3-BF4B-00C04F79EFBC}") = "마크서버 만들기", "마크서버 만들기.csproj", "{9940C137-E6FD-4C51-B7AE-10949E2FE67D}"
EndProject
Global
	GlobalSection(SolutionConfigurationPlatforms) = preSolution
		Debug|Any CPU = Debug|Any CPU
		Release|Any CPU = Release|Any CPU
	EndGlobalSection
	GlobalSection(ProjectConfigurationPlatforms) = postSolution
		{9940C137-E6FD-4C51-B7AE-10949E2FE67D}.Debug|Any CPU.ActiveCfg = Debug|Any CPU
		{9940C137-E6FD-4C51-B7AE-10949E2FE67D}.Debug|Any CPU.Build.0 = Debug|Any CPU
		{9940C137-E6FD-4C51-B7AE-10949E2FE67D}.Release|Any CPU.ActiveCfg = Release|Any CPU
		{9940C137-E6FD-4C51-B7AE-10949E2FE67D}.Release|Any CPU.Build.0 = Release|Any CPU
	EndGlobalSection
	GlobalSection(SolutionProperties) = preSolution
		HideSolutionNode = FALSE
	EndGlobalSection
	GlobalSection(ExtensibilityGlobals) = postSolution
		SolutionGuid = {1B13F762-621E-438E-916D-CFF50D9B31DD}
	EndGlobalSection
EndGlobal
